
Microsoft Visual Studio Solution File, Format Version 12.00
Project("{FAE04EC0-301F-11D3-BF4B-00C04F79EFBC}") = "Vending Machine", "Vending Machine\Vending Machine.csproj", "{4A6D1DFB-45E7-4E6B-84C6-9A4E64D32BD3}"
EndProject
Global
	GlobalSection(SolutionConfigurationPlatforms) = preSolution
		Debug|Any CPU = Debug|Any CPU
		Release|Any CPU = Release|Any CPU
	EndGlobalSection
	GlobalSection(ProjectConfigurationPlatforms) = postSolution
		{4A6D1DFB-45E7-4E6B-84C6-9A4E64D32BD3}.Debug|Any CPU.ActiveCfg = Debug|Any CPU
		{4A6D1DFB-45E7-4E6B-84C6-9A4E64D32BD3}.Debug|Any CPU.Build.0 = Debug|Any CPU
		{4A6D1DFB-45E7-4E6B-84C6-9A4E64D32BD3}.Release|Any CPU.ActiveCfg = Release|Any CPU
		{4A6D1DFB-45E7-4E6B-84C6-9A4E64D32BD3}.Release|Any CPU.Build.0 = Release|Any CPU
	EndGlobalSection
EndGlobal
